
Microsoft Visual Studio Solution File, Format Version 12.00
# Visual Studio Version 16
VisualStudioVersion = 16.0.31613.86
MinimumVisualStudioVersion = 10.0.40219.1
Project("{FAE04EC0-301F-11D3-BF4B-00C04F79EFBC}") = "Calculator.Android", "Calculator\Calculator.Android\Calculator.Android.csproj", "{AB828CE6-6A05-4CA8-87BD-9A36BFE963C0}"
EndProject
Project("{FAE04EC0-301F-11D3-BF4B-00C04F79EFBC}") = "Calculator.iOS", "Calculator\Calculator.iOS\Calculator.iOS.csproj", "{7C5E423C-5465-4E58-9A91-44C2AF625E70}"
EndProject
Project("{FAE04EC0-301F-11D3-BF4B-00C04F79EFBC}") = "Calculator", "Calculator\Calculator\Calculator.csproj", "{F1C4A8B8-FAE4-420F-9F7F-EB119C9FA7E8}"
EndProject
Global
	GlobalSection(SolutionConfigurationPlatforms) = preSolution
		Debug|Any CPU = Debug|Any CPU
		Debug|iPhone = Debug|iPhone
		Debug|iPhoneSimulator = Debug|iPhoneSimulator
		Release|Any CPU = Release|Any CPU
		Release|iPhone = Release|iPhone
		Release|iPhoneSimulator = Release|iPhoneSimulator
	EndGlobalSection
	GlobalSection(ProjectConfigurationPlatforms) = postSolution
		{AB828CE6-6A05-4CA8-87BD-9A36BFE963C0}.Debug|Any CPU.ActiveCfg = Debug|Any CPU
		{AB828CE6-6A05-4CA8-87BD-9A36BFE963C0}.Debug|Any CPU.Build.0 = Debug|Any CPU
		{AB828CE6-6A05-4CA8-87BD-9A36BFE963C0}.Debug|Any CPU.Deploy.0 = Debug|Any CPU
		{AB828CE6-6A05-4CA8-87BD-9A36BFE963C0}.Debug|iPhone.ActiveCfg = Debug|Any CPU
		{AB828CE6-6A05-4CA8-87BD-9A36BFE963C0}.Debug|iPhone.Build.0 = Debug|Any CPU
		{AB828CE6-6A05-4CA8-87BD-9A36BFE963C0}.Debug|iPhone.Deploy.0 = Debug|Any CPU
		{AB828CE6-6A05-4CA8-87BD-9A36BFE963C0}.Debug|iPhoneSimulator.ActiveCfg = Debug|Any CPU
		{AB828CE6-6A05-4CA8-87BD-9A36BFE963C0}.Debug|iPhoneSimulator.Build.0 = Debug|Any CPU
		{AB828CE6-6A05-4CA8-87BD-9A36BFE963C0}.Debug|iPhoneSimulator.Deploy.0 = Debug|Any CPU
		{AB828CE6-6A05-4CA8-87BD-9A36BFE963C0}.Release|Any CPU.ActiveCfg = Release|Any CPU
		{AB828CE6-6A05-4CA8-87BD-9A36BFE963C0}.Release|Any CPU.Build.0 = Release|Any CPU
		{AB828CE6-6A05-4CA8-87BD-9A36BFE963C0}.Release|Any CPU.Deploy.0 = Release|Any CPU
		{AB828CE6-6A05-4CA8-87BD-9A36BFE963C0}.Release|iPhone.ActiveCfg = Release|Any CPU
		{AB828CE6-6A05-4CA8-87BD-9A36BFE963C0}.Release|iPhone.Build.0 = Release|Any CPU
		{AB828CE6-6A05-4CA8-87BD-9A36BFE963C0}.Release|iPhone.Deploy.0 = Release|Any CPU
		{AB828CE6-6A05-4CA8-87BD-9A36BFE963C0}.Release|iPhoneSimulator.ActiveCfg = Release|Any CPU
		{AB828CE6-6A05-4CA8-87BD-9A36BFE963C0}.Release|iPhoneSimulator.Build.0 = Release|Any CPU
		{AB828CE6-6A05-4CA8-87BD-9A36BFE963C0}.Release|iPhoneSimulator.Deploy.0 = Release|Any CPU
		{7C5E423C-5465-4E58-9A91-44C2AF625E70}.Debug|Any CPU.ActiveCfg = Debug|iPhone
		{7C5E423C-5465-4E58-9A91-44C2AF625E70}.Debug|Any CPU.Build.0 = Debug|iPhone
		{7C5E423C-5465-4E58-9A91-44C2AF625E70}.Debug|Any CPU.Deploy.0 = Debug|iPhone
		{7C5E423C-5465-4E58-9A91-44C2AF625E70}.Debug|iPhone.ActiveCfg = Debug|iPhone
		{7C5E423C-5465-4E58-9A91-44C2AF625E70}.Debug|iPhone.Build.0 = Debug|iPhone
		{7C5E423C-5465-4E58-9A91-44C2AF625E70}.Debug|iPhone.Deploy.0 = Debug|iPhone
		{7C5E423C-5465-4E58-9A91-44C2AF625E70}.Debug|iPhoneSimulator.ActiveCfg = Debug|iPhoneSimulator
		{7C5E423C-5465-4E58-9A91-44C2AF625E70}.Debug|iPhoneSimulator.Build.0 = Debug|iPhoneSimulator
		{7C5E423C-5465-4E58-9A91-44C2AF625E70}.Debug|iPhoneSimulator.Deploy.0 = Debug|iPhoneSimulator
		{7C5E423C-5465-4E58-9A91-44C2AF625E70}.Release|Any CPU.ActiveCfg = Release|iPhoneSimulator
		{7C5E423C-5465-4E58-9A91-44C2AF625E70}.Release|Any CPU.Build.0 = Release|iPhoneSimulator
		{7C5E423C-5465-4E58-9A91-44C2AF625E70}.Release|Any CPU.Deploy.0 = Release|iPhoneSimulator
		{7C5E423C-5465-4E58-9A91-44C2AF625E70}.Release|iPhone.ActiveCfg = Release|iPhone
		{7C5E423C-5465-4E58-9A91-44C2AF625E70}.Release|iPhone.Build.0 = Release|iPhone
		{7C5E423C-5465-4E58-9A91-44C2AF625E70}.Release|iPhone.Deploy.0 = Release|iPhone
		{7C5E423C-5465-4E58-9A91-44C2AF625E70}.Release|iPhoneSimulator.ActiveCfg = Release|iPhoneSimulator
		{7C5E423C-5465-4E58-9A91-44C2AF625E70}.Release|iPhoneSimulator.Build.0 = Release|iPhoneSimulator
		{7C5E423C-5465-4E58-9A91-44C2AF625E70}.Release|iPhoneSimulator.Deploy.0 = Release|iPhoneSimulator
		{F1C4A8B8-FAE4-420F-9F7F-EB119C9FA7E8}.Debug|Any CPU.ActiveCfg = Debug|Any CPU
		{F1C4A8B8-FAE4-420F-9F7F-EB119C9FA7E8}.Debug|Any CPU.Build.0 = Debug|Any CPU
		{F1C4A8B8-FAE4-420F-9F7F-EB119C9FA7E8}.Debug|Any CPU.Deploy.0 = Debug|Any CPU
		{F1C4A8B8-FAE4-420F-9F7F-EB119C9FA7E8}.Debug|iPhone.ActiveCfg = Debug|Any CPU
		{F1C4A8B8-FAE4-420F-9F7F-EB119C9FA7E8}.Debug|iPhone.Build.0 = Debug|Any CPU
		{F1C4A8B8-FAE4-420F-9F7F-EB119C9FA7E8}.Debug|iPhone.Deploy.0 = Debug|Any CPU
		{F1C4A8B8-FAE4-420F-9F7F-EB119C9FA7E8}.Debug|iPhoneSimulator.ActiveCfg = Debug|Any CPU
		{F1C4A8B8-FAE4-420F-9F7F-EB119C9FA7E8}.Debug|iPhoneSimulator.Build.0 = Debug|Any CPU
		{F1C4A8B8-FAE4-420F-9F7F-EB119C9FA7E8}.Debug|iPhoneSimulator.Deploy.0 = Debug|Any CPU
		{F1C4A8B8-FAE4-420F-9F7F-EB119C9FA7E8}.Release|Any CPU.ActiveCfg = Release|Any CPU
		{F1C4A8B8-FAE4-420F-9F7F-EB119C9FA7E8}.Release|Any CPU.Build.0 = Release|Any CPU
		{F1C4A8B8-FAE4-420F-9F7F-EB119C9FA7E8}.Release|Any CPU.Deploy.0 = Release|Any CPU
		{F1C4A8B8-FAE4-420F-9F7F-EB119C9FA7E8}.Release|iPhone.ActiveCfg = Release|Any CPU
		{F1C4A8B8-FAE4-420F-9F7F-EB119C9FA7E8}.Release|iPhone.Build.0 = Release|Any CPU
		{F1C4A8B8-FAE4-420F-9F7F-EB119C9FA7E8}.Release|iPhone.Deploy.0 = Release|Any CPU
		{F1C4A8B8-FAE4-420F-9F7F-EB119C9FA7E8}.Release|iPhoneSimulator.ActiveCfg = Release|Any CPU
		{F1C4A8B8-FAE4-420F-9F7F-EB119C9FA7E8}.Release|iPhoneSimulator.Build.0 = Release|Any CPU
		{F1C4A8B8-FAE4-420F-9F7F-EB119C9FA7E8}.Release|iPhoneSimulator.Deploy.0 = Release|Any CPU
	EndGlobalSection
	GlobalSection(SolutionProperties) = preSolution
		HideSolutionNode = FALSE
	EndGlobalSection
	GlobalSection(ExtensibilityGlobals) = postSolution
		SolutionGuid = {F2F5973E-5094-4246-84A0-26EA4DD559E5}
	EndGlobalSection
EndGlobal
